
Microsoft Visual Studio Solution File, Format Version 12.00
# Visual Studio Version 16
VisualStudioVersion = 16.0.31829.152
MinimumVisualStudioVersion = 10.0.40219.1
Project("{FAE04EC0-301F-11D3-BF4B-00C04F79EFBC}") = "TvpKnjizara", "TvpKnjizara\TvpKnjizara.csproj", "{7BFCE39A-46C7-4659-8A1D-6D17F4506544}"
EndProject
Global
	GlobalSection(SolutionConfigurationPlatforms) = preSolution
		Debug|Any CPU = Debug|Any CPU
		Release|Any CPU = Release|Any CPU
	EndGlobalSection
	GlobalSection(ProjectConfigurationPlatforms) = postSolution
		{7BFCE39A-46C7-4659-8A1D-6D17F4506544}.Debug|Any CPU.ActiveCfg = Debug|Any CPU
		{7BFCE39A-46C7-4659-8A1D-6D17F4506544}.Debug|Any CPU.Build.0 = Debug|Any CPU
		{7BFCE39A-46C7-4659-8A1D-6D17F4506544}.Release|Any CPU.ActiveCfg = Release|Any CPU
		{7BFCE39A-46C7-4659-8A1D-6D17F4506544}.Release|Any CPU.Build.0 = Release|Any CPU
	EndGlobalSection
	GlobalSection(SolutionProperties) = preSolution
		HideSolutionNode = FALSE
	EndGlobalSection
	GlobalSection(ExtensibilityGlobals) = postSolution
		SolutionGuid = {B9F54384-5370-4F5C-9261-724B7CCDE573}
	EndGlobalSection
EndGlobal
